
Microsoft Visual Studio Solution File, Format Version 12.00
# Visual Studio Version 16
VisualStudioVersion = 16.0.29728.190
MinimumVisualStudioVersion = 10.0.40219.1
Project("{9A19103F-16F7-4668-BE54-9A1E7A4F7556}") = "MaPremiereApplicationCs", "MaPremiereApplicationCs.csproj", "{AC903AEF-8D2A-4496-8024-B95713DB380F}"
EndProject
Global
	GlobalSection(SolutionConfigurationPlatforms) = preSolution
		Debug|Any CPU = Debug|Any CPU
		Release|Any CPU = Release|Any CPU
	EndGlobalSection
	GlobalSection(ProjectConfigurationPlatforms) = postSolution
		{AC903AEF-8D2A-4496-8024-B95713DB380F}.Debug|Any CPU.ActiveCfg = Debug|Any CPU
		{AC903AEF-8D2A-4496-8024-B95713DB380F}.Debug|Any CPU.Build.0 = Debug|Any CPU
		{AC903AEF-8D2A-4496-8024-B95713DB380F}.Release|Any CPU.ActiveCfg = Release|Any CPU
		{AC903AEF-8D2A-4496-8024-B95713DB380F}.Release|Any CPU.Build.0 = Release|Any CPU
	EndGlobalSection
	GlobalSection(SolutionProperties) = preSolution
		HideSolutionNode = FALSE
	EndGlobalSection
	GlobalSection(ExtensibilityGlobals) = postSolution
		SolutionGuid = {B5B10C6E-76D1-4155-918B-0BE55418B709}
	EndGlobalSection
EndGlobal
