
Microsoft Visual Studio Solution File, Format Version 12.00
# Visual Studio Version 16
VisualStudioVersion = 16.0.29025.244
MinimumVisualStudioVersion = 10.0.40219.1
Project("{FAE04EC0-301F-11D3-BF4B-00C04F79EFBC}") = "05-02-Loops_MoreOrLessFor", "05-02-Loops_MoreOrLessFor.csproj", "{647BC9F2-EFF9-42C0-B3B3-370565CAD022}"
EndProject
Global
	GlobalSection(SolutionConfigurationPlatforms) = preSolution
		Debug|Any CPU = Debug|Any CPU
		Release|Any CPU = Release|Any CPU
	EndGlobalSection
	GlobalSection(ProjectConfigurationPlatforms) = postSolution
		{647BC9F2-EFF9-42C0-B3B3-370565CAD022}.Debug|Any CPU.ActiveCfg = Debug|Any CPU
		{647BC9F2-EFF9-42C0-B3B3-370565CAD022}.Debug|Any CPU.Build.0 = Debug|Any CPU
		{647BC9F2-EFF9-42C0-B3B3-370565CAD022}.Release|Any CPU.ActiveCfg = Release|Any CPU
		{647BC9F2-EFF9-42C0-B3B3-370565CAD022}.Release|Any CPU.Build.0 = Release|Any CPU
	EndGlobalSection
	GlobalSection(SolutionProperties) = preSolution
		HideSolutionNode = FALSE
	EndGlobalSection
	GlobalSection(ExtensibilityGlobals) = postSolution
		SolutionGuid = {105F0F8F-A3C7-43BC-A5B1-AC0F5DCD7237}
	EndGlobalSection
EndGlobal
