
Microsoft Visual Studio Solution File, Format Version 12.00
# Visual Studio Version 16
VisualStudioVersion = 16.0.29025.244
MinimumVisualStudioVersion = 10.0.40219.1
Project("{9A19103F-16F7-4668-BE54-9A1E7A4F7556}") = "01-Variables", "01-Variables\01-Variables.csproj", "{BCE15389-C36A-4917-96E4-4168A3EBBC15}"
	ProjectSection(ProjectDependencies) = postProject
		{4D867FB7-B667-4C9F-9514-2A0C39751EF2} = {4D867FB7-B667-4C9F-9514-2A0C39751EF2}
	EndProjectSection
EndProject
Project("{9A19103F-16F7-4668-BE54-9A1E7A4F7556}") = "02- ManipulationDesNombresIntergerEtDouble", "ManipulationDesNombresIntergerEtFloat\02- ManipulationDesNombresIntergerEtDouble.csproj", "{24AA6706-5A96-4777-A198-F8FD074AB004}"
EndProject
Project("{9A19103F-16F7-4668-BE54-9A1E7A4F7556}") = "00-00-Entainement_obj_moto", "02-ObjectMoto\Entainement\00-00-Entainement_obj_moto.csproj", "{30A9BADD-5834-4D87-9406-0FCFDC672B07}"
EndProject
Project("{9A19103F-16F7-4668-BE54-9A1E7A4F7556}") = "01-String_Trim_Replace_Contains_startsWith_Equals_CompareTo_Equality_linguistique", "String\01-String_Trim_Replace_Contains_startsWith_Equals_CompareTo_Equality_linguistique.csproj", "{4A0DDA86-97AA-4DD4-A4AA-05F5F4D7F340}"
EndProject
Project("{9A19103F-16F7-4668-BE54-9A1E7A4F7556}") = "02-00-Array", "02-Array\02-00-Array.csproj", "{6549D2D2-4630-495B-98CC-338DAFE90FE8}"
EndProject
Project("{9A19103F-16F7-4668-BE54-9A1E7A4F7556}") = "02-01-lesListes", "lesListes\02-01-lesListes.csproj", "{128349B5-5B65-4EFE-A3C3-03B70D45850B}"
EndProject
Project("{9A19103F-16F7-4668-BE54-9A1E7A4F7556}") = "03-00-String", "03-String\03-00-String.csproj", "{7BAF228B-2819-40A3-A00F-2C4B0F31A674}"
EndProject
Project("{9A19103F-16F7-4668-BE54-9A1E7A4F7556}") = "03-BrancheAndLoop", "BrancheAndLoop\03-BrancheAndLoop.csproj", "{7E7C77D0-81BB-4EFA-81D8-416117BE18C3}"
EndProject
Project("{9A19103F-16F7-4668-BE54-9A1E7A4F7556}") = "04-Conditions", "04-Conditions\04-Conditions.csproj", "{193E4CF2-6D1C-413E-BB7B-A2810FD22372}"
EndProject
Project("{9A19103F-16F7-4668-BE54-9A1E7A4F7556}") = "05-00-Loops", "05-00-Loops\05-00-Loops.csproj", "{58A41BF0-3E02-4E49-A6E8-3CFBEE5817EE}"
EndProject
Project("{9A19103F-16F7-4668-BE54-9A1E7A4F7556}") = "05-01-Loops_MoreOrLessDoWhile", "05-01-Loops_MoreOrLessDoWhile\05-01-Loops_MoreOrLessDoWhile.csproj", "{2A725ED6-4EFD-4222-BC8C-3EABF624495C}"
EndProject
Project("{9A19103F-16F7-4668-BE54-9A1E7A4F7556}") = "05-02-Loops_MoreOrLessFor", "05-02-Loops_MoreOrLessFor\05-02-Loops_MoreOrLessFor.csproj", "{C16724C1-70B2-445F-BB5C-125161B660BF}"
EndProject
Project("{FAE04EC0-301F-11D3-BF4B-00C04F79EFBC}") = "05-03-Loops_More_OrLessWhile", "05-03-Loops_More_OrLessWhile\05-03-Loops_More_OrLessWhile.csproj", "{291A5BE2-7AEC-44E1-9832-EE8576176244}"
EndProject
Project("{9A19103F-16F7-4668-BE54-9A1E7A4F7556}") = "05-04-Le_juste_prix", "00-JustePrix\Console_App_On_C\05-04-Le_juste_prix.csproj", "{64CEC701-9744-4D2A-83EF-BC4C3F6F0CC6}"
EndProject
Project("{9A19103F-16F7-4668-BE54-9A1E7A4F7556}") = "05-05-Suite de Fibonacci", "05- Suite de Fibonacci\05-05-Suite de Fibonacci.csproj", "{D1042A3E-315F-4621-B35E-628965FCAC72}"
EndProject
Project("{9A19103F-16F7-4668-BE54-9A1E7A4F7556}") = "06-TryParse", "exampleTryParse\06-TryParse.csproj", "{D1D1F170-48E4-4805-9286-6E45911CCA28}"
EndProject
Project("{9A19103F-16F7-4668-BE54-9A1E7A4F7556}") = "07-Collection", "06-Collection\07-Collection.csproj", "{D3A46B5F-BE20-4467-9522-7E55D4C1513D}"
EndProject
Project("{9A19103F-16F7-4668-BE54-9A1E7A4F7556}") = "00-00-Certif_Cs", "Certif_C\Certif_C\00-00-Certif_Cs.csproj", "{1885405D-2C39-4043-A5E0-DE1FCA38E26C}"
EndProject
Project("{2150E333-8FDC-42A3-9474-1A3956D46DE8}") = "01-Appel_de_Classe", "01-Appel_de_Classe", "{99DAE63D-9DB0-4489-8A06-414BD2A0E8CC}"
EndProject
Project("{9A19103F-16F7-4668-BE54-9A1E7A4F7556}") = "Acme.Collections", "Acme.Collections\Acme.Collections.csproj", "{5C41EC06-A18E-4B14-A4EC-83755BE2483C}"
EndProject
Project("{9A19103F-16F7-4668-BE54-9A1E7A4F7556}") = "Example_ d_appel_Acme.Collections", "Example_ d_appel_Acme.Collections\Example_ d_appel_Acme.Collections.csproj", "{AB599AF8-AE7C-47BC-B6A5-0CE755BE6BD0}"
EndProject
Project("{2150E333-8FDC-42A3-9474-1A3956D46DE8}") = "Solution Items", "Solution Items", "{559B0ABF-ACAC-4E9C-A215-FA1FB406651F}"
	ProjectSection(SolutionItems) = preProject
		TextFile1.txt = TextFile1.txt
	EndProjectSection
EndProject
Project("{9A19103F-16F7-4668-BE54-9A1E7A4F7556}") = "08-OverFlowInt", "08-OverFlowInt\08-OverFlowInt.csproj", "{57ED91AE-6163-400C-B1F8-1BB476A91353}"
EndProject
Project("{9A19103F-16F7-4668-BE54-9A1E7A4F7556}") = "00-00-test", "00-00-test\00-00-test.csproj", "{AA8D6C54-630D-41DA-9C43-378C222186E4}"
EndProject
Project("{9A19103F-16F7-4668-BE54-9A1E7A4F7556}") = "09-using", "09-using\09-using.csproj", "{4D867FB7-B667-4C9F-9514-2A0C39751EF2}"
EndProject
Project("{9A19103F-16F7-4668-BE54-9A1E7A4F7556}") = "10-Using", "10-Using\10-Using.csproj", "{20086DE0-992B-42A0-BFCB-F58BE2A15730}"
EndProject
Project("{9A19103F-16F7-4668-BE54-9A1E7A4F7556}") = "12-les classes", "12-les classes\12-les classes.csproj", "{D0144DFF-1856-482E-82CB-B4F9003DDF81}"
EndProject
Project("{9A19103F-16F7-4668-BE54-9A1E7A4F7556}") = "13-Swap", "13-Swap\13-Swap.csproj", "{4E9F5841-21BC-4779-9277-9C0F61FA9D5E}"
EndProject
Project("{9A19103F-16F7-4668-BE54-9A1E7A4F7556}") = "calculator", "calculator\calculator.csproj", "{47BD07DA-4B27-4C69-A3BD-5E8F06BBFEB7}"
EndProject
Project("{9A19103F-16F7-4668-BE54-9A1E7A4F7556}") = "DigitalWorkshop", "00-DigitalWorkshop\DigitalWorkshop\DigitalWorkshop.csproj", "{9B476517-BA70-4665-9B5D-4562771ACDE0}"
EndProject
Project("{9A19103F-16F7-4668-BE54-9A1E7A4F7556}") = "14-heritage", "14-heritage\14-heritage.csproj", "{05DD8948-2AF5-4B15-BFB3-D5BE0E6EE0C5}"
EndProject
Project("{9A19103F-16F7-4668-BE54-9A1E7A4F7556}") = "15-Enumeration", "15-Enumeration\15-Enumeration.csproj", "{5030A0E5-BE2A-4341-A5FB-81D1FD55BAAC}"
EndProject
Project("{9A19103F-16F7-4668-BE54-9A1E7A4F7556}") = "16-Structure", "16-Structure\16-Structure.csproj", "{72E65B79-E83A-4906-A677-EFEF1BFD817D}"
EndProject
Project("{9A19103F-16F7-4668-BE54-9A1E7A4F7556}") = "17-Class", "17-Class\17-Class.csproj", "{DA616F37-C712-490D-AB38-8C084766C259}"
EndProject
Project("{9A19103F-16F7-4668-BE54-9A1E7A4F7556}") = "18-VirtualEtOverride", "18-VirtualEtOverride\18-VirtualEtOverride.csproj", "{5BCA6DD4-4A18-4C33-84D3-FC64964C5C65}"
EndProject
Project("{9A19103F-16F7-4668-BE54-9A1E7A4F7556}") = "19-Type_Nullable", "19-Type_Nullable\19-Type_Nullable.csproj", "{AF3C8B54-5280-4D87-8212-97AA353BDFC2}"
EndProject
Project("{9A19103F-16F7-4668-BE54-9A1E7A4F7556}") = "20-calculatrice", "20-calculatrice\20-calculatrice.csproj", "{2A27C508-363C-41D4-9D98-88D4D3EE52DD}"
EndProject
Project("{2150E333-8FDC-42A3-9474-1A3956D46DE8}") = "02-Comparaison d objets de classe", "02-Comparaison d objets de classe", "{2A0A4A32-2A64-4437-896D-83FCFB287985}"
EndProject
Project("{9A19103F-16F7-4668-BE54-9A1E7A4F7556}") = "MainComparaison", "MainComparaison\MainComparaison.csproj", "{F8047488-9AEA-4D5C-809A-6A1DB79FE72B}"
EndProject
Project("{9A19103F-16F7-4668-BE54-9A1E7A4F7556}") = "21_Pointeur", "21_Pointeur\21_Pointeur.csproj", "{F2CA85DE-2080-4DB4-8249-ADFE524D2EA0}"
EndProject
Project("{2150E333-8FDC-42A3-9474-1A3956D46DE8}") = "OpenClassrooms", "OpenClassrooms", "{E7669E78-5DFC-40F8-BBF6-7C4A366AAF4E}"
EndProject
Project("{2150E333-8FDC-42A3-9474-1A3956D46DE8}") = "POO avec Cs", "POO avec Cs", "{F86B76D4-8469-445A-B8F2-1D12E087E996}"
EndProject
Project("{9A19103F-16F7-4668-BE54-9A1E7A4F7556}") = "MaPremiereApplicationCs", "OpenClassrooms\POO avec Cs\MaPremiereApplicationCs\MaPremiereApplicationCs.csproj", "{E4113ECE-F517-45A5-9B71-684AE1265141}"
EndProject
Project("{2150E333-8FDC-42A3-9474-1A3956D46DE8}") = "CRUD SQLite", "CRUD SQLite", "{C5441E72-6A55-4DEA-8661-8F0400D31367}"
EndProject
Project("{9A19103F-16F7-4668-BE54-9A1E7A4F7556}") = "Crud", "Crud\Crud.csproj", "{504CA37C-9A72-4283-AF6A-394556934B95}"
EndProject
Project("{9A19103F-16F7-4668-BE54-9A1E7A4F7556}") = "AbstactMethodAndClass", "OpenClassroms\POO avec Cs\AbstactMethodAndClass\AbstactMethodAndClass.csproj", "{3A45F7B1-D26C-4F28-8F81-46AE519FC96C}"
EndProject
Project("{2150E333-8FDC-42A3-9474-1A3956D46DE8}") = "ASP.NET MVC", "ASP.NET MVC", "{CA1236D1-2158-4C57-88C9-89E8B381AAB2}"
EndProject
Project("{FAE04EC0-301F-11D3-BF4B-00C04F79EFBC}") = "HelloWord", "OpenClassroms\ASP.NET MVC\HelloWord\HelloWord.csproj", "{18936F23-AB6B-46D5-B483-2CF81EA20965}"
EndProject
Project("{2150E333-8FDC-42A3-9474-1A3956D46DE8}") = "Units tests", "Units tests", "{07CFA558-6970-4C2A-8FD5-814C6837B6A6}"
EndProject
Project("{FAE04EC0-301F-11D3-BF4B-00C04F79EFBC}") = "MathTests", "OpenClassroms\Units tests\MathTests\MathTests.csproj", "{78848B2A-4C44-40A1-93A8-D85752A4E850}"
EndProject
Project("{FAE04EC0-301F-11D3-BF4B-00C04F79EFBC}") = "UnitTest", "UnitTest\UnitTest.csproj", "{475BA0A1-6B96-45A6-8CD8-BC4CAE19564D}"
EndProject
Global
	GlobalSection(SolutionConfigurationPlatforms) = preSolution
		Debug|Any CPU = Debug|Any CPU
		Debug|x86 = Debug|x86
		Release|Any CPU = Release|Any CPU
		Release|x86 = Release|x86
	EndGlobalSection
	GlobalSection(ProjectConfigurationPlatforms) = postSolution
		{BCE15389-C36A-4917-96E4-4168A3EBBC15}.Debug|Any CPU.ActiveCfg = Debug|Any CPU
		{BCE15389-C36A-4917-96E4-4168A3EBBC15}.Debug|Any CPU.Build.0 = Debug|Any CPU
		{BCE15389-C36A-4917-96E4-4168A3EBBC15}.Debug|x86.ActiveCfg = Debug|Any CPU
		{BCE15389-C36A-4917-96E4-4168A3EBBC15}.Debug|x86.Build.0 = Debug|Any CPU
		{BCE15389-C36A-4917-96E4-4168A3EBBC15}.Release|Any CPU.ActiveCfg = Release|Any CPU
		{BCE15389-C36A-4917-96E4-4168A3EBBC15}.Release|Any CPU.Build.0 = Release|Any CPU
		{BCE15389-C36A-4917-96E4-4168A3EBBC15}.Release|x86.ActiveCfg = Release|Any CPU
		{BCE15389-C36A-4917-96E4-4168A3EBBC15}.Release|x86.Build.0 = Release|Any CPU
		{24AA6706-5A96-4777-A198-F8FD074AB004}.Debug|Any CPU.ActiveCfg = Debug|Any CPU
		{24AA6706-5A96-4777-A198-F8FD074AB004}.Debug|Any CPU.Build.0 = Debug|Any CPU
		{24AA6706-5A96-4777-A198-F8FD074AB004}.Debug|x86.ActiveCfg = Debug|Any CPU
		{24AA6706-5A96-4777-A198-F8FD074AB004}.Debug|x86.Build.0 = Debug|Any CPU
		{24AA6706-5A96-4777-A198-F8FD074AB004}.Release|Any CPU.ActiveCfg = Release|Any CPU
		{24AA6706-5A96-4777-A198-F8FD074AB004}.Release|Any CPU.Build.0 = Release|Any CPU
		{24AA6706-5A96-4777-A198-F8FD074AB004}.Release|x86.ActiveCfg = Release|Any CPU
		{24AA6706-5A96-4777-A198-F8FD074AB004}.Release|x86.Build.0 = Release|Any CPU
		{30A9BADD-5834-4D87-9406-0FCFDC672B07}.Debug|Any CPU.ActiveCfg = Debug|Any CPU
		{30A9BADD-5834-4D87-9406-0FCFDC672B07}.Debug|Any CPU.Build.0 = Debug|Any CPU
		{30A9BADD-5834-4D87-9406-0FCFDC672B07}.Debug|x86.ActiveCfg = Debug|Any CPU
		{30A9BADD-5834-4D87-9406-0FCFDC672B07}.Debug|x86.Build.0 = Debug|Any CPU
		{30A9BADD-5834-4D87-9406-0FCFDC672B07}.Release|Any CPU.ActiveCfg = Release|Any CPU
		{30A9BADD-5834-4D87-9406-0FCFDC672B07}.Release|Any CPU.Build.0 = Release|Any CPU
		{30A9BADD-5834-4D87-9406-0FCFDC672B07}.Release|x86.ActiveCfg = Release|Any CPU
		{30A9BADD-5834-4D87-9406-0FCFDC672B07}.Release|x86.Build.0 = Release|Any CPU
		{4A0DDA86-97AA-4DD4-A4AA-05F5F4D7F340}.Debug|Any CPU.ActiveCfg = Debug|Any CPU
		{4A0DDA86-97AA-4DD4-A4AA-05F5F4D7F340}.Debug|Any CPU.Build.0 = Debug|Any CPU
		{4A0DDA86-97AA-4DD4-A4AA-05F5F4D7F340}.Debug|x86.ActiveCfg = Debug|Any CPU
		{4A0DDA86-97AA-4DD4-A4AA-05F5F4D7F340}.Debug|x86.Build.0 = Debug|Any CPU
		{4A0DDA86-97AA-4DD4-A4AA-05F5F4D7F340}.Release|Any CPU.ActiveCfg = Release|Any CPU
		{4A0DDA86-97AA-4DD4-A4AA-05F5F4D7F340}.Release|Any CPU.Build.0 = Release|Any CPU
		{4A0DDA86-97AA-4DD4-A4AA-05F5F4D7F340}.Release|x86.ActiveCfg = Release|Any CPU
		{4A0DDA86-97AA-4DD4-A4AA-05F5F4D7F340}.Release|x86.Build.0 = Release|Any CPU
		{6549D2D2-4630-495B-98CC-338DAFE90FE8}.Debug|Any CPU.ActiveCfg = Debug|Any CPU
		{6549D2D2-4630-495B-98CC-338DAFE90FE8}.Debug|Any CPU.Build.0 = Debug|Any CPU
		{6549D2D2-4630-495B-98CC-338DAFE90FE8}.Debug|x86.ActiveCfg = Debug|Any CPU
		{6549D2D2-4630-495B-98CC-338DAFE90FE8}.Debug|x86.Build.0 = Debug|Any CPU
		{6549D2D2-4630-495B-98CC-338DAFE90FE8}.Release|Any CPU.ActiveCfg = Release|Any CPU
		{6549D2D2-4630-495B-98CC-338DAFE90FE8}.Release|Any CPU.Build.0 = Release|Any CPU
		{6549D2D2-4630-495B-98CC-338DAFE90FE8}.Release|x86.ActiveCfg = Release|Any CPU
		{6549D2D2-4630-495B-98CC-338DAFE90FE8}.Release|x86.Build.0 = Release|Any CPU
		{128349B5-5B65-4EFE-A3C3-03B70D45850B}.Debug|Any CPU.ActiveCfg = Debug|Any CPU
		{128349B5-5B65-4EFE-A3C3-03B70D45850B}.Debug|Any CPU.Build.0 = Debug|Any CPU
		{128349B5-5B65-4EFE-A3C3-03B70D45850B}.Debug|x86.ActiveCfg = Debug|Any CPU
		{128349B5-5B65-4EFE-A3C3-03B70D45850B}.Debug|x86.Build.0 = Debug|Any CPU
		{128349B5-5B65-4EFE-A3C3-03B70D45850B}.Release|Any CPU.ActiveCfg = Release|Any CPU
		{128349B5-5B65-4EFE-A3C3-03B70D45850B}.Release|Any CPU.Build.0 = Release|Any CPU
		{128349B5-5B65-4EFE-A3C3-03B70D45850B}.Release|x86.ActiveCfg = Release|Any CPU
		{128349B5-5B65-4EFE-A3C3-03B70D45850B}.Release|x86.Build.0 = Release|Any CPU
		{7BAF228B-2819-40A3-A00F-2C4B0F31A674}.Debug|Any CPU.ActiveCfg = Debug|Any CPU
		{7BAF228B-2819-40A3-A00F-2C4B0F31A674}.Debug|Any CPU.Build.0 = Debug|Any CPU
		{7BAF228B-2819-40A3-A00F-2C4B0F31A674}.Debug|x86.ActiveCfg = Debug|Any CPU
		{7BAF228B-2819-40A3-A00F-2C4B0F31A674}.Debug|x86.Build.0 = Debug|Any CPU
		{7BAF228B-2819-40A3-A00F-2C4B0F31A674}.Release|Any CPU.ActiveCfg = Release|Any CPU
		{7BAF228B-2819-40A3-A00F-2C4B0F31A674}.Release|Any CPU.Build.0 = Release|Any CPU
		{7BAF228B-2819-40A3-A00F-2C4B0F31A674}.Release|x86.ActiveCfg = Release|Any CPU
		{7BAF228B-2819-40A3-A00F-2C4B0F31A674}.Release|x86.Build.0 = Release|Any CPU
		{7E7C77D0-81BB-4EFA-81D8-416117BE18C3}.Debug|Any CPU.ActiveCfg = Debug|Any CPU
		{7E7C77D0-81BB-4EFA-81D8-416117BE18C3}.Debug|Any CPU.Build.0 = Debug|Any CPU
		{7E7C77D0-81BB-4EFA-81D8-416117BE18C3}.Debug|x86.ActiveCfg = Debug|Any CPU
		{7E7C77D0-81BB-4EFA-81D8-416117BE18C3}.Debug|x86.Build.0 = Debug|Any CPU
		{7E7C77D0-81BB-4EFA-81D8-416117BE18C3}.Release|Any CPU.ActiveCfg = Release|Any CPU
		{7E7C77D0-81BB-4EFA-81D8-416117BE18C3}.Release|Any CPU.Build.0 = Release|Any CPU
		{7E7C77D0-81BB-4EFA-81D8-416117BE18C3}.Release|x86.ActiveCfg = Release|Any CPU
		{7E7C77D0-81BB-4EFA-81D8-416117BE18C3}.Release|x86.Build.0 = Release|Any CPU
		{193E4CF2-6D1C-413E-BB7B-A2810FD22372}.Debug|Any CPU.ActiveCfg = Debug|Any CPU
		{193E4CF2-6D1C-413E-BB7B-A2810FD22372}.Debug|Any CPU.Build.0 = Debug|Any CPU
		{193E4CF2-6D1C-413E-BB7B-A2810FD22372}.Debug|x86.ActiveCfg = Debug|Any CPU
		{193E4CF2-6D1C-413E-BB7B-A2810FD22372}.Debug|x86.Build.0 = Debug|Any CPU
		{193E4CF2-6D1C-413E-BB7B-A2810FD22372}.Release|Any CPU.ActiveCfg = Release|Any CPU
		{193E4CF2-6D1C-413E-BB7B-A2810FD22372}.Release|Any CPU.Build.0 = Release|Any CPU
		{193E4CF2-6D1C-413E-BB7B-A2810FD22372}.Release|x86.ActiveCfg = Release|Any CPU
		{193E4CF2-6D1C-413E-BB7B-A2810FD22372}.Release|x86.Build.0 = Release|Any CPU
		{58A41BF0-3E02-4E49-A6E8-3CFBEE5817EE}.Debug|Any CPU.ActiveCfg = Debug|Any CPU
		{58A41BF0-3E02-4E49-A6E8-3CFBEE5817EE}.Debug|Any CPU.Build.0 = Debug|Any CPU
		{58A41BF0-3E02-4E49-A6E8-3CFBEE5817EE}.Debug|x86.ActiveCfg = Debug|Any CPU
		{58A41BF0-3E02-4E49-A6E8-3CFBEE5817EE}.Debug|x86.Build.0 = Debug|Any CPU
		{58A41BF0-3E02-4E49-A6E8-3CFBEE5817EE}.Release|Any CPU.ActiveCfg = Release|Any CPU
		{58A41BF0-3E02-4E49-A6E8-3CFBEE5817EE}.Release|Any CPU.Build.0 = Release|Any CPU
		{58A41BF0-3E02-4E49-A6E8-3CFBEE5817EE}.Release|x86.ActiveCfg = Release|Any CPU
		{58A41BF0-3E02-4E49-A6E8-3CFBEE5817EE}.Release|x86.Build.0 = Release|Any CPU
		{2A725ED6-4EFD-4222-BC8C-3EABF624495C}.Debug|Any CPU.ActiveCfg = Debug|Any CPU
		{2A725ED6-4EFD-4222-BC8C-3EABF624495C}.Debug|Any CPU.Build.0 = Debug|Any CPU
		{2A725ED6-4EFD-4222-BC8C-3EABF624495C}.Debug|x86.ActiveCfg = Debug|Any CPU
		{2A725ED6-4EFD-4222-BC8C-3EABF624495C}.Debug|x86.Build.0 = Debug|Any CPU
		{2A725ED6-4EFD-4222-BC8C-3EABF624495C}.Release|Any CPU.ActiveCfg = Release|Any CPU
		{2A725ED6-4EFD-4222-BC8C-3EABF624495C}.Release|Any CPU.Build.0 = Release|Any CPU
		{2A725ED6-4EFD-4222-BC8C-3EABF624495C}.Release|x86.ActiveCfg = Release|Any CPU
		{2A725ED6-4EFD-4222-BC8C-3EABF624495C}.Release|x86.Build.0 = Release|Any CPU
		{C16724C1-70B2-445F-BB5C-125161B660BF}.Debug|Any CPU.ActiveCfg = Debug|Any CPU
		{C16724C1-70B2-445F-BB5C-125161B660BF}.Debug|Any CPU.Build.0 = Debug|Any CPU
		{C16724C1-70B2-445F-BB5C-125161B660BF}.Debug|x86.ActiveCfg = Debug|Any CPU
		{C16724C1-70B2-445F-BB5C-125161B660BF}.Debug|x86.Build.0 = Debug|Any CPU
		{C16724C1-70B2-445F-BB5C-125161B660BF}.Release|Any CPU.ActiveCfg = Release|Any CPU
		{C16724C1-70B2-445F-BB5C-125161B660BF}.Release|Any CPU.Build.0 = Release|Any CPU
		{C16724C1-70B2-445F-BB5C-125161B660BF}.Release|x86.ActiveCfg = Release|Any CPU
		{C16724C1-70B2-445F-BB5C-125161B660BF}.Release|x86.Build.0 = Release|Any CPU
		{291A5BE2-7AEC-44E1-9832-EE8576176244}.Debug|Any CPU.ActiveCfg = Debug|x86
		{291A5BE2-7AEC-44E1-9832-EE8576176244}.Debug|x86.ActiveCfg = Debug|x86
		{291A5BE2-7AEC-44E1-9832-EE8576176244}.Debug|x86.Build.0 = Debug|x86
		{291A5BE2-7AEC-44E1-9832-EE8576176244}.Release|Any CPU.ActiveCfg = Release|x86
		{291A5BE2-7AEC-44E1-9832-EE8576176244}.Release|x86.ActiveCfg = Release|x86
		{291A5BE2-7AEC-44E1-9832-EE8576176244}.Release|x86.Build.0 = Release|x86
		{64CEC701-9744-4D2A-83EF-BC4C3F6F0CC6}.Debug|Any CPU.ActiveCfg = Debug|Any CPU
		{64CEC701-9744-4D2A-83EF-BC4C3F6F0CC6}.Debug|Any CPU.Build.0 = Debug|Any CPU
		{64CEC701-9744-4D2A-83EF-BC4C3F6F0CC6}.Debug|x86.ActiveCfg = Debug|Any CPU
		{64CEC701-9744-4D2A-83EF-BC4C3F6F0CC6}.Debug|x86.Build.0 = Debug|Any CPU
		{64CEC701-9744-4D2A-83EF-BC4C3F6F0CC6}.Release|Any CPU.ActiveCfg = Release|Any CPU
		{64CEC701-9744-4D2A-83EF-BC4C3F6F0CC6}.Release|Any CPU.Build.0 = Release|Any CPU
		{64CEC701-9744-4D2A-83EF-BC4C3F6F0CC6}.Release|x86.ActiveCfg = Release|Any CPU
		{64CEC701-9744-4D2A-83EF-BC4C3F6F0CC6}.Release|x86.Build.0 = Release|Any CPU
		{D1042A3E-315F-4621-B35E-628965FCAC72}.Debug|Any CPU.ActiveCfg = Debug|Any CPU
		{D1042A3E-315F-4621-B35E-628965FCAC72}.Debug|Any CPU.Build.0 = Debug|Any CPU
		{D1042A3E-315F-4621-B35E-628965FCAC72}.Debug|x86.ActiveCfg = Debug|Any CPU
		{D1042A3E-315F-4621-B35E-628965FCAC72}.Debug|x86.Build.0 = Debug|Any CPU
		{D1042A3E-315F-4621-B35E-628965FCAC72}.Release|Any CPU.ActiveCfg = Release|Any CPU
		{D1042A3E-315F-4621-B35E-628965FCAC72}.Release|Any CPU.Build.0 = Release|Any CPU
		{D1042A3E-315F-4621-B35E-628965FCAC72}.Release|x86.ActiveCfg = Release|Any CPU
		{D1042A3E-315F-4621-B35E-628965FCAC72}.Release|x86.Build.0 = Release|Any CPU
		{D1D1F170-48E4-4805-9286-6E45911CCA28}.Debug|Any CPU.ActiveCfg = Debug|Any CPU
		{D1D1F170-48E4-4805-9286-6E45911CCA28}.Debug|Any CPU.Build.0 = Debug|Any CPU
		{D1D1F170-48E4-4805-9286-6E45911CCA28}.Debug|x86.ActiveCfg = Debug|Any CPU
		{D1D1F170-48E4-4805-9286-6E45911CCA28}.Debug|x86.Build.0 = Debug|Any CPU
		{D1D1F170-48E4-4805-9286-6E45911CCA28}.Release|Any CPU.ActiveCfg = Release|Any CPU
		{D1D1F170-48E4-4805-9286-6E45911CCA28}.Release|Any CPU.Build.0 = Release|Any CPU
		{D1D1F170-48E4-4805-9286-6E45911CCA28}.Release|x86.ActiveCfg = Release|Any CPU
		{D1D1F170-48E4-4805-9286-6E45911CCA28}.Release|x86.Build.0 = Release|Any CPU
		{D3A46B5F-BE20-4467-9522-7E55D4C1513D}.Debug|Any CPU.ActiveCfg = Debug|Any CPU
		{D3A46B5F-BE20-4467-9522-7E55D4C1513D}.Debug|Any CPU.Build.0 = Debug|Any CPU
		{D3A46B5F-BE20-4467-9522-7E55D4C1513D}.Debug|x86.ActiveCfg = Debug|Any CPU
		{D3A46B5F-BE20-4467-9522-7E55D4C1513D}.Debug|x86.Build.0 = Debug|Any CPU
		{D3A46B5F-BE20-4467-9522-7E55D4C1513D}.Release|Any CPU.ActiveCfg = Release|Any CPU
		{D3A46B5F-BE20-4467-9522-7E55D4C1513D}.Release|Any CPU.Build.0 = Release|Any CPU
		{D3A46B5F-BE20-4467-9522-7E55D4C1513D}.Release|x86.ActiveCfg = Release|Any CPU
		{D3A46B5F-BE20-4467-9522-7E55D4C1513D}.Release|x86.Build.0 = Release|Any CPU
		{1885405D-2C39-4043-A5E0-DE1FCA38E26C}.Debug|Any CPU.ActiveCfg = Debug|Any CPU
		{1885405D-2C39-4043-A5E0-DE1FCA38E26C}.Debug|Any CPU.Build.0 = Debug|Any CPU
		{1885405D-2C39-4043-A5E0-DE1FCA38E26C}.Debug|x86.ActiveCfg = Debug|Any CPU
		{1885405D-2C39-4043-A5E0-DE1FCA38E26C}.Debug|x86.Build.0 = Debug|Any CPU
		{1885405D-2C39-4043-A5E0-DE1FCA38E26C}.Release|Any CPU.ActiveCfg = Release|Any CPU
		{1885405D-2C39-4043-A5E0-DE1FCA38E26C}.Release|Any CPU.Build.0 = Release|Any CPU
		{1885405D-2C39-4043-A5E0-DE1FCA38E26C}.Release|x86.ActiveCfg = Release|Any CPU
		{1885405D-2C39-4043-A5E0-DE1FCA38E26C}.Release|x86.Build.0 = Release|Any CPU
		{5C41EC06-A18E-4B14-A4EC-83755BE2483C}.Debug|Any CPU.ActiveCfg = Debug|Any CPU
		{5C41EC06-A18E-4B14-A4EC-83755BE2483C}.Debug|Any CPU.Build.0 = Debug|Any CPU
		{5C41EC06-A18E-4B14-A4EC-83755BE2483C}.Debug|x86.ActiveCfg = Debug|Any CPU
		{5C41EC06-A18E-4B14-A4EC-83755BE2483C}.Debug|x86.Build.0 = Debug|Any CPU
		{5C41EC06-A18E-4B14-A4EC-83755BE2483C}.Release|Any CPU.ActiveCfg = Release|Any CPU
		{5C41EC06-A18E-4B14-A4EC-83755BE2483C}.Release|Any CPU.Build.0 = Release|Any CPU
		{5C41EC06-A18E-4B14-A4EC-83755BE2483C}.Release|x86.ActiveCfg = Release|Any CPU
		{5C41EC06-A18E-4B14-A4EC-83755BE2483C}.Release|x86.Build.0 = Release|Any CPU
		{AB599AF8-AE7C-47BC-B6A5-0CE755BE6BD0}.Debug|Any CPU.ActiveCfg = Debug|Any CPU
		{AB599AF8-AE7C-47BC-B6A5-0CE755BE6BD0}.Debug|Any CPU.Build.0 = Debug|Any CPU
		{AB599AF8-AE7C-47BC-B6A5-0CE755BE6BD0}.Debug|x86.ActiveCfg = Debug|Any CPU
		{AB599AF8-AE7C-47BC-B6A5-0CE755BE6BD0}.Debug|x86.Build.0 = Debug|Any CPU
		{AB599AF8-AE7C-47BC-B6A5-0CE755BE6BD0}.Release|Any CPU.ActiveCfg = Release|Any CPU
		{AB599AF8-AE7C-47BC-B6A5-0CE755BE6BD0}.Release|Any CPU.Build.0 = Release|Any CPU
		{AB599AF8-AE7C-47BC-B6A5-0CE755BE6BD0}.Release|x86.ActiveCfg = Release|Any CPU
		{AB599AF8-AE7C-47BC-B6A5-0CE755BE6BD0}.Release|x86.Build.0 = Release|Any CPU
		{57ED91AE-6163-400C-B1F8-1BB476A91353}.Debug|Any CPU.ActiveCfg = Debug|Any CPU
		{57ED91AE-6163-400C-B1F8-1BB476A91353}.Debug|Any CPU.Build.0 = Debug|Any CPU
		{57ED91AE-6163-400C-B1F8-1BB476A91353}.Debug|x86.ActiveCfg = Debug|Any CPU
		{57ED91AE-6163-400C-B1F8-1BB476A91353}.Debug|x86.Build.0 = Debug|Any CPU
		{57ED91AE-6163-400C-B1F8-1BB476A91353}.Release|Any CPU.ActiveCfg = Release|Any CPU
		{57ED91AE-6163-400C-B1F8-1BB476A91353}.Release|Any CPU.Build.0 = Release|Any CPU
		{57ED91AE-6163-400C-B1F8-1BB476A91353}.Release|x86.ActiveCfg = Release|Any CPU
		{57ED91AE-6163-400C-B1F8-1BB476A91353}.Release|x86.Build.0 = Release|Any CPU
		{AA8D6C54-630D-41DA-9C43-378C222186E4}.Debug|Any CPU.ActiveCfg = Debug|Any CPU
		{AA8D6C54-630D-41DA-9C43-378C222186E4}.Debug|Any CPU.Build.0 = Debug|Any CPU
		{AA8D6C54-630D-41DA-9C43-378C222186E4}.Debug|x86.ActiveCfg = Debug|Any CPU
		{AA8D6C54-630D-41DA-9C43-378C222186E4}.Debug|x86.Build.0 = Debug|Any CPU
		{AA8D6C54-630D-41DA-9C43-378C222186E4}.Release|Any CPU.ActiveCfg = Release|Any CPU
		{AA8D6C54-630D-41DA-9C43-378C222186E4}.Release|Any CPU.Build.0 = Release|Any CPU
		{AA8D6C54-630D-41DA-9C43-378C222186E4}.Release|x86.ActiveCfg = Release|Any CPU
		{AA8D6C54-630D-41DA-9C43-378C222186E4}.Release|x86.Build.0 = Release|Any CPU
		{4D867FB7-B667-4C9F-9514-2A0C39751EF2}.Debug|Any CPU.ActiveCfg = Debug|Any CPU
		{4D867FB7-B667-4C9F-9514-2A0C39751EF2}.Debug|Any CPU.Build.0 = Debug|Any CPU
		{4D867FB7-B667-4C9F-9514-2A0C39751EF2}.Debug|x86.ActiveCfg = Debug|Any CPU
		{4D867FB7-B667-4C9F-9514-2A0C39751EF2}.Debug|x86.Build.0 = Debug|Any CPU
		{4D867FB7-B667-4C9F-9514-2A0C39751EF2}.Release|Any CPU.ActiveCfg = Release|Any CPU
		{4D867FB7-B667-4C9F-9514-2A0C39751EF2}.Release|Any CPU.Build.0 = Release|Any CPU
		{4D867FB7-B667-4C9F-9514-2A0C39751EF2}.Release|x86.ActiveCfg = Release|Any CPU
		{4D867FB7-B667-4C9F-9514-2A0C39751EF2}.Release|x86.Build.0 = Release|Any CPU
		{20086DE0-992B-42A0-BFCB-F58BE2A15730}.Debug|Any CPU.ActiveCfg = Debug|Any CPU
		{20086DE0-992B-42A0-BFCB-F58BE2A15730}.Debug|Any CPU.Build.0 = Debug|Any CPU
		{20086DE0-992B-42A0-BFCB-F58BE2A15730}.Debug|x86.ActiveCfg = Debug|Any CPU
		{20086DE0-992B-42A0-BFCB-F58BE2A15730}.Debug|x86.Build.0 = Debug|Any CPU
		{20086DE0-992B-42A0-BFCB-F58BE2A15730}.Release|Any CPU.ActiveCfg = Release|Any CPU
		{20086DE0-992B-42A0-BFCB-F58BE2A15730}.Release|Any CPU.Build.0 = Release|Any CPU
		{20086DE0-992B-42A0-BFCB-F58BE2A15730}.Release|x86.ActiveCfg = Release|Any CPU
		{20086DE0-992B-42A0-BFCB-F58BE2A15730}.Release|x86.Build.0 = Release|Any CPU
		{D0144DFF-1856-482E-82CB-B4F9003DDF81}.Debug|Any CPU.ActiveCfg = Debug|Any CPU
		{D0144DFF-1856-482E-82CB-B4F9003DDF81}.Debug|Any CPU.Build.0 = Debug|Any CPU
		{D0144DFF-1856-482E-82CB-B4F9003DDF81}.Debug|x86.ActiveCfg = Debug|Any CPU
		{D0144DFF-1856-482E-82CB-B4F9003DDF81}.Debug|x86.Build.0 = Debug|Any CPU
		{D0144DFF-1856-482E-82CB-B4F9003DDF81}.Release|Any CPU.ActiveCfg = Release|Any CPU
		{D0144DFF-1856-482E-82CB-B4F9003DDF81}.Release|Any CPU.Build.0 = Release|Any CPU
		{D0144DFF-1856-482E-82CB-B4F9003DDF81}.Release|x86.ActiveCfg = Release|Any CPU
		{D0144DFF-1856-482E-82CB-B4F9003DDF81}.Release|x86.Build.0 = Release|Any CPU
		{4E9F5841-21BC-4779-9277-9C0F61FA9D5E}.Debug|Any CPU.ActiveCfg = Debug|Any CPU
		{4E9F5841-21BC-4779-9277-9C0F61FA9D5E}.Debug|Any CPU.Build.0 = Debug|Any CPU
		{4E9F5841-21BC-4779-9277-9C0F61FA9D5E}.Debug|x86.ActiveCfg = Debug|Any CPU
		{4E9F5841-21BC-4779-9277-9C0F61FA9D5E}.Debug|x86.Build.0 = Debug|Any CPU
		{4E9F5841-21BC-4779-9277-9C0F61FA9D5E}.Release|Any CPU.ActiveCfg = Release|Any CPU
		{4E9F5841-21BC-4779-9277-9C0F61FA9D5E}.Release|Any CPU.Build.0 = Release|Any CPU
		{4E9F5841-21BC-4779-9277-9C0F61FA9D5E}.Release|x86.ActiveCfg = Release|Any CPU
		{4E9F5841-21BC-4779-9277-9C0F61FA9D5E}.Release|x86.Build.0 = Release|Any CPU
		{47BD07DA-4B27-4C69-A3BD-5E8F06BBFEB7}.Debug|Any CPU.ActiveCfg = Debug|Any CPU
		{47BD07DA-4B27-4C69-A3BD-5E8F06BBFEB7}.Debug|Any CPU.Build.0 = Debug|Any CPU
		{47BD07DA-4B27-4C69-A3BD-5E8F06BBFEB7}.Debug|x86.ActiveCfg = Debug|Any CPU
		{47BD07DA-4B27-4C69-A3BD-5E8F06BBFEB7}.Debug|x86.Build.0 = Debug|Any CPU
		{47BD07DA-4B27-4C69-A3BD-5E8F06BBFEB7}.Release|Any CPU.ActiveCfg = Release|Any CPU
		{47BD07DA-4B27-4C69-A3BD-5E8F06BBFEB7}.Release|Any CPU.Build.0 = Release|Any CPU
		{47BD07DA-4B27-4C69-A3BD-5E8F06BBFEB7}.Release|x86.ActiveCfg = Release|Any CPU
		{47BD07DA-4B27-4C69-A3BD-5E8F06BBFEB7}.Release|x86.Build.0 = Release|Any CPU
		{9B476517-BA70-4665-9B5D-4562771ACDE0}.Debug|Any CPU.ActiveCfg = Debug|Any CPU
		{9B476517-BA70-4665-9B5D-4562771ACDE0}.Debug|Any CPU.Build.0 = Debug|Any CPU
		{9B476517-BA70-4665-9B5D-4562771ACDE0}.Debug|x86.ActiveCfg = Debug|Any CPU
		{9B476517-BA70-4665-9B5D-4562771ACDE0}.Debug|x86.Build.0 = Debug|Any CPU
		{9B476517-BA70-4665-9B5D-4562771ACDE0}.Release|Any CPU.ActiveCfg = Release|Any CPU
		{9B476517-BA70-4665-9B5D-4562771ACDE0}.Release|Any CPU.Build.0 = Release|Any CPU
		{9B476517-BA70-4665-9B5D-4562771ACDE0}.Release|x86.ActiveCfg = Release|Any CPU
		{9B476517-BA70-4665-9B5D-4562771ACDE0}.Release|x86.Build.0 = Release|Any CPU
		{05DD8948-2AF5-4B15-BFB3-D5BE0E6EE0C5}.Debug|Any CPU.ActiveCfg = Debug|Any CPU
		{05DD8948-2AF5-4B15-BFB3-D5BE0E6EE0C5}.Debug|Any CPU.Build.0 = Debug|Any CPU
		{05DD8948-2AF5-4B15-BFB3-D5BE0E6EE0C5}.Debug|x86.ActiveCfg = Debug|Any CPU
		{05DD8948-2AF5-4B15-BFB3-D5BE0E6EE0C5}.Debug|x86.Build.0 = Debug|Any CPU
		{05DD8948-2AF5-4B15-BFB3-D5BE0E6EE0C5}.Release|Any CPU.ActiveCfg = Release|Any CPU
		{05DD8948-2AF5-4B15-BFB3-D5BE0E6EE0C5}.Release|Any CPU.Build.0 = Release|Any CPU
		{05DD8948-2AF5-4B15-BFB3-D5BE0E6EE0C5}.Release|x86.ActiveCfg = Release|Any CPU
		{05DD8948-2AF5-4B15-BFB3-D5BE0E6EE0C5}.Release|x86.Build.0 = Release|Any CPU
		{5030A0E5-BE2A-4341-A5FB-81D1FD55BAAC}.Debug|Any CPU.ActiveCfg = Debug|Any CPU
		{5030A0E5-BE2A-4341-A5FB-81D1FD55BAAC}.Debug|Any CPU.Build.0 = Debug|Any CPU
		{5030A0E5-BE2A-4341-A5FB-81D1FD55BAAC}.Debug|x86.ActiveCfg = Debug|Any CPU
		{5030A0E5-BE2A-4341-A5FB-81D1FD55BAAC}.Debug|x86.Build.0 = Debug|Any CPU
		{5030A0E5-BE2A-4341-A5FB-81D1FD55BAAC}.Release|Any CPU.ActiveCfg = Release|Any CPU
		{5030A0E5-BE2A-4341-A5FB-81D1FD55BAAC}.Release|Any CPU.Build.0 = Release|Any CPU
		{5030A0E5-BE2A-4341-A5FB-81D1FD55BAAC}.Release|x86.ActiveCfg = Release|Any CPU
		{5030A0E5-BE2A-4341-A5FB-81D1FD55BAAC}.Release|x86.Build.0 = Release|Any CPU
		{72E65B79-E83A-4906-A677-EFEF1BFD817D}.Debug|Any CPU.ActiveCfg = Debug|Any CPU
		{72E65B79-E83A-4906-A677-EFEF1BFD817D}.Debug|Any CPU.Build.0 = Debug|Any CPU
		{72E65B79-E83A-4906-A677-EFEF1BFD817D}.Debug|x86.ActiveCfg = Debug|Any CPU
		{72E65B79-E83A-4906-A677-EFEF1BFD817D}.Debug|x86.Build.0 = Debug|Any CPU
		{72E65B79-E83A-4906-A677-EFEF1BFD817D}.Release|Any CPU.ActiveCfg = Release|Any CPU
		{72E65B79-E83A-4906-A677-EFEF1BFD817D}.Release|Any CPU.Build.0 = Release|Any CPU
		{72E65B79-E83A-4906-A677-EFEF1BFD817D}.Release|x86.ActiveCfg = Release|Any CPU
		{72E65B79-E83A-4906-A677-EFEF1BFD817D}.Release|x86.Build.0 = Release|Any CPU
		{DA616F37-C712-490D-AB38-8C084766C259}.Debug|Any CPU.ActiveCfg = Debug|Any CPU
		{DA616F37-C712-490D-AB38-8C084766C259}.Debug|Any CPU.Build.0 = Debug|Any CPU
		{DA616F37-C712-490D-AB38-8C084766C259}.Debug|x86.ActiveCfg = Debug|Any CPU
		{DA616F37-C712-490D-AB38-8C084766C259}.Debug|x86.Build.0 = Debug|Any CPU
		{DA616F37-C712-490D-AB38-8C084766C259}.Release|Any CPU.ActiveCfg = Release|Any CPU
		{DA616F37-C712-490D-AB38-8C084766C259}.Release|Any CPU.Build.0 = Release|Any CPU
		{DA616F37-C712-490D-AB38-8C084766C259}.Release|x86.ActiveCfg = Release|Any CPU
		{DA616F37-C712-490D-AB38-8C084766C259}.Release|x86.Build.0 = Release|Any CPU
		{5BCA6DD4-4A18-4C33-84D3-FC64964C5C65}.Debug|Any CPU.ActiveCfg = Debug|Any CPU
		{5BCA6DD4-4A18-4C33-84D3-FC64964C5C65}.Debug|Any CPU.Build.0 = Debug|Any CPU
		{5BCA6DD4-4A18-4C33-84D3-FC64964C5C65}.Debug|x86.ActiveCfg = Debug|Any CPU
		{5BCA6DD4-4A18-4C33-84D3-FC64964C5C65}.Debug|x86.Build.0 = Debug|Any CPU
		{5BCA6DD4-4A18-4C33-84D3-FC64964C5C65}.Release|Any CPU.ActiveCfg = Release|Any CPU
		{5BCA6DD4-4A18-4C33-84D3-FC64964C5C65}.Release|Any CPU.Build.0 = Release|Any CPU
		{5BCA6DD4-4A18-4C33-84D3-FC64964C5C65}.Release|x86.ActiveCfg = Release|Any CPU
		{5BCA6DD4-4A18-4C33-84D3-FC64964C5C65}.Release|x86.Build.0 = Release|Any CPU
		{AF3C8B54-5280-4D87-8212-97AA353BDFC2}.Debug|Any CPU.ActiveCfg = Debug|Any CPU
		{AF3C8B54-5280-4D87-8212-97AA353BDFC2}.Debug|Any CPU.Build.0 = Debug|Any CPU
		{AF3C8B54-5280-4D87-8212-97AA353BDFC2}.Debug|x86.ActiveCfg = Debug|Any CPU
		{AF3C8B54-5280-4D87-8212-97AA353BDFC2}.Debug|x86.Build.0 = Debug|Any CPU
		{AF3C8B54-5280-4D87-8212-97AA353BDFC2}.Release|Any CPU.ActiveCfg = Release|Any CPU
		{AF3C8B54-5280-4D87-8212-97AA353BDFC2}.Release|Any CPU.Build.0 = Release|Any CPU
		{AF3C8B54-5280-4D87-8212-97AA353BDFC2}.Release|x86.ActiveCfg = Release|Any CPU
		{AF3C8B54-5280-4D87-8212-97AA353BDFC2}.Release|x86.Build.0 = Release|Any CPU
		{2A27C508-363C-41D4-9D98-88D4D3EE52DD}.Debug|Any CPU.ActiveCfg = Debug|Any CPU
		{2A27C508-363C-41D4-9D98-88D4D3EE52DD}.Debug|Any CPU.Build.0 = Debug|Any CPU
		{2A27C508-363C-41D4-9D98-88D4D3EE52DD}.Debug|x86.ActiveCfg = Debug|Any CPU
		{2A27C508-363C-41D4-9D98-88D4D3EE52DD}.Debug|x86.Build.0 = Debug|Any CPU
		{2A27C508-363C-41D4-9D98-88D4D3EE52DD}.Release|Any CPU.ActiveCfg = Release|Any CPU
		{2A27C508-363C-41D4-9D98-88D4D3EE52DD}.Release|Any CPU.Build.0 = Release|Any CPU
		{2A27C508-363C-41D4-9D98-88D4D3EE52DD}.Release|x86.ActiveCfg = Release|Any CPU
		{2A27C508-363C-41D4-9D98-88D4D3EE52DD}.Release|x86.Build.0 = Release|Any CPU
		{F8047488-9AEA-4D5C-809A-6A1DB79FE72B}.Debug|Any CPU.ActiveCfg = Debug|Any CPU
		{F8047488-9AEA-4D5C-809A-6A1DB79FE72B}.Debug|Any CPU.Build.0 = Debug|Any CPU
		{F8047488-9AEA-4D5C-809A-6A1DB79FE72B}.Debug|x86.ActiveCfg = Debug|Any CPU
		{F8047488-9AEA-4D5C-809A-6A1DB79FE72B}.Debug|x86.Build.0 = Debug|Any CPU
		{F8047488-9AEA-4D5C-809A-6A1DB79FE72B}.Release|Any CPU.ActiveCfg = Release|Any CPU
		{F8047488-9AEA-4D5C-809A-6A1DB79FE72B}.Release|Any CPU.Build.0 = Release|Any CPU
		{F8047488-9AEA-4D5C-809A-6A1DB79FE72B}.Release|x86.ActiveCfg = Release|Any CPU
		{F8047488-9AEA-4D5C-809A-6A1DB79FE72B}.Release|x86.Build.0 = Release|Any CPU
		{F2CA85DE-2080-4DB4-8249-ADFE524D2EA0}.Debug|Any CPU.ActiveCfg = Debug|Any CPU
		{F2CA85DE-2080-4DB4-8249-ADFE524D2EA0}.Debug|Any CPU.Build.0 = Debug|Any CPU
		{F2CA85DE-2080-4DB4-8249-ADFE524D2EA0}.Debug|x86.ActiveCfg = Debug|Any CPU
		{F2CA85DE-2080-4DB4-8249-ADFE524D2EA0}.Debug|x86.Build.0 = Debug|Any CPU
		{F2CA85DE-2080-4DB4-8249-ADFE524D2EA0}.Release|Any CPU.ActiveCfg = Release|Any CPU
		{F2CA85DE-2080-4DB4-8249-ADFE524D2EA0}.Release|Any CPU.Build.0 = Release|Any CPU
		{F2CA85DE-2080-4DB4-8249-ADFE524D2EA0}.Release|x86.ActiveCfg = Release|Any CPU
		{F2CA85DE-2080-4DB4-8249-ADFE524D2EA0}.Release|x86.Build.0 = Release|Any CPU
		{E4113ECE-F517-45A5-9B71-684AE1265141}.Debug|Any CPU.ActiveCfg = Debug|Any CPU
		{E4113ECE-F517-45A5-9B71-684AE1265141}.Debug|Any CPU.Build.0 = Debug|Any CPU
		{E4113ECE-F517-45A5-9B71-684AE1265141}.Debug|x86.ActiveCfg = Debug|Any CPU
		{E4113ECE-F517-45A5-9B71-684AE1265141}.Debug|x86.Build.0 = Debug|Any CPU
		{E4113ECE-F517-45A5-9B71-684AE1265141}.Release|Any CPU.ActiveCfg = Release|Any CPU
		{E4113ECE-F517-45A5-9B71-684AE1265141}.Release|Any CPU.Build.0 = Release|Any CPU
		{E4113ECE-F517-45A5-9B71-684AE1265141}.Release|x86.ActiveCfg = Release|Any CPU
		{E4113ECE-F517-45A5-9B71-684AE1265141}.Release|x86.Build.0 = Release|Any CPU
		{504CA37C-9A72-4283-AF6A-394556934B95}.Debug|Any CPU.ActiveCfg = Debug|Any CPU
		{504CA37C-9A72-4283-AF6A-394556934B95}.Debug|Any CPU.Build.0 = Debug|Any CPU
		{504CA37C-9A72-4283-AF6A-394556934B95}.Debug|x86.ActiveCfg = Debug|Any CPU
		{504CA37C-9A72-4283-AF6A-394556934B95}.Debug|x86.Build.0 = Debug|Any CPU
		{504CA37C-9A72-4283-AF6A-394556934B95}.Release|Any CPU.ActiveCfg = Release|Any CPU
		{504CA37C-9A72-4283-AF6A-394556934B95}.Release|Any CPU.Build.0 = Release|Any CPU
		{504CA37C-9A72-4283-AF6A-394556934B95}.Release|x86.ActiveCfg = Release|Any CPU
		{504CA37C-9A72-4283-AF6A-394556934B95}.Release|x86.Build.0 = Release|Any CPU
		{3A45F7B1-D26C-4F28-8F81-46AE519FC96C}.Debug|Any CPU.ActiveCfg = Debug|Any CPU
		{3A45F7B1-D26C-4F28-8F81-46AE519FC96C}.Debug|Any CPU.Build.0 = Debug|Any CPU
		{3A45F7B1-D26C-4F28-8F81-46AE519FC96C}.Debug|x86.ActiveCfg = Debug|Any CPU
		{3A45F7B1-D26C-4F28-8F81-46AE519FC96C}.Debug|x86.Build.0 = Debug|Any CPU
		{3A45F7B1-D26C-4F28-8F81-46AE519FC96C}.Release|Any CPU.ActiveCfg = Release|Any CPU
		{3A45F7B1-D26C-4F28-8F81-46AE519FC96C}.Release|Any CPU.Build.0 = Release|Any CPU
		{3A45F7B1-D26C-4F28-8F81-46AE519FC96C}.Release|x86.ActiveCfg = Release|Any CPU
		{3A45F7B1-D26C-4F28-8F81-46AE519FC96C}.Release|x86.Build.0 = Release|Any CPU
		{18936F23-AB6B-46D5-B483-2CF81EA20965}.Debug|Any CPU.ActiveCfg = Debug|Any CPU
		{18936F23-AB6B-46D5-B483-2CF81EA20965}.Debug|Any CPU.Build.0 = Debug|Any CPU
		{18936F23-AB6B-46D5-B483-2CF81EA20965}.Debug|x86.ActiveCfg = Debug|Any CPU
		{18936F23-AB6B-46D5-B483-2CF81EA20965}.Debug|x86.Build.0 = Debug|Any CPU
		{18936F23-AB6B-46D5-B483-2CF81EA20965}.Release|Any CPU.ActiveCfg = Release|Any CPU
		{18936F23-AB6B-46D5-B483-2CF81EA20965}.Release|Any CPU.Build.0 = Release|Any CPU
		{18936F23-AB6B-46D5-B483-2CF81EA20965}.Release|x86.ActiveCfg = Release|Any CPU
		{18936F23-AB6B-46D5-B483-2CF81EA20965}.Release|x86.Build.0 = Release|Any CPU
		{78848B2A-4C44-40A1-93A8-D85752A4E850}.Debug|Any CPU.ActiveCfg = Debug|Any CPU
		{78848B2A-4C44-40A1-93A8-D85752A4E850}.Debug|Any CPU.Build.0 = Debug|Any CPU
		{78848B2A-4C44-40A1-93A8-D85752A4E850}.Debug|x86.ActiveCfg = Debug|Any CPU
		{78848B2A-4C44-40A1-93A8-D85752A4E850}.Debug|x86.Build.0 = Debug|Any CPU
		{78848B2A-4C44-40A1-93A8-D85752A4E850}.Release|Any CPU.ActiveCfg = Release|Any CPU
		{78848B2A-4C44-40A1-93A8-D85752A4E850}.Release|Any CPU.Build.0 = Release|Any CPU
		{78848B2A-4C44-40A1-93A8-D85752A4E850}.Release|x86.ActiveCfg = Release|Any CPU
		{78848B2A-4C44-40A1-93A8-D85752A4E850}.Release|x86.Build.0 = Release|Any CPU
		{475BA0A1-6B96-45A6-8CD8-BC4CAE19564D}.Debug|Any CPU.ActiveCfg = Debug|Any CPU
		{475BA0A1-6B96-45A6-8CD8-BC4CAE19564D}.Debug|Any CPU.Build.0 = Debug|Any CPU
		{475BA0A1-6B96-45A6-8CD8-BC4CAE19564D}.Debug|x86.ActiveCfg = Debug|Any CPU
		{475BA0A1-6B96-45A6-8CD8-BC4CAE19564D}.Debug|x86.Build.0 = Debug|Any CPU
		{475BA0A1-6B96-45A6-8CD8-BC4CAE19564D}.Release|Any CPU.ActiveCfg = Release|Any CPU
		{475BA0A1-6B96-45A6-8CD8-BC4CAE19564D}.Release|Any CPU.Build.0 = Release|Any CPU
		{475BA0A1-6B96-45A6-8CD8-BC4CAE19564D}.Release|x86.ActiveCfg = Release|Any CPU
		{475BA0A1-6B96-45A6-8CD8-BC4CAE19564D}.Release|x86.Build.0 = Release|Any CPU
	EndGlobalSection
	GlobalSection(SolutionProperties) = preSolution
		HideSolutionNode = FALSE
	EndGlobalSection
	GlobalSection(NestedProjects) = preSolution
		{5C41EC06-A18E-4B14-A4EC-83755BE2483C} = {99DAE63D-9DB0-4489-8A06-414BD2A0E8CC}
		{AB599AF8-AE7C-47BC-B6A5-0CE755BE6BD0} = {99DAE63D-9DB0-4489-8A06-414BD2A0E8CC}
		{F8047488-9AEA-4D5C-809A-6A1DB79FE72B} = {2A0A4A32-2A64-4437-896D-83FCFB287985}
		{F86B76D4-8469-445A-B8F2-1D12E087E996} = {E7669E78-5DFC-40F8-BBF6-7C4A366AAF4E}
		{E4113ECE-F517-45A5-9B71-684AE1265141} = {F86B76D4-8469-445A-B8F2-1D12E087E996}
		{504CA37C-9A72-4283-AF6A-394556934B95} = {C5441E72-6A55-4DEA-8661-8F0400D31367}
		{3A45F7B1-D26C-4F28-8F81-46AE519FC96C} = {F86B76D4-8469-445A-B8F2-1D12E087E996}
		{CA1236D1-2158-4C57-88C9-89E8B381AAB2} = {E7669E78-5DFC-40F8-BBF6-7C4A366AAF4E}
		{18936F23-AB6B-46D5-B483-2CF81EA20965} = {CA1236D1-2158-4C57-88C9-89E8B381AAB2}
		{07CFA558-6970-4C2A-8FD5-814C6837B6A6} = {E7669E78-5DFC-40F8-BBF6-7C4A366AAF4E}
		{78848B2A-4C44-40A1-93A8-D85752A4E850} = {07CFA558-6970-4C2A-8FD5-814C6837B6A6}
		{475BA0A1-6B96-45A6-8CD8-BC4CAE19564D} = {CA1236D1-2158-4C57-88C9-89E8B381AAB2}
	EndGlobalSection
	GlobalSection(ExtensibilityGlobals) = postSolution
		SolutionGuid = {A73FBE12-B418-4BAA-9BC8-94E769E1DEAE}
	EndGlobalSection
EndGlobal
